<?xml version="1.0" encoding="utf-8"?>
<Project ToolsVersion="17.0" xmlns="http://schemas.microsoft.com/developer/msbuild/2003">
  <ItemGroup>
    <CustomBuild Include="C:\code\lib60870\lib60870-C\winbuild\CMakeFiles\370cf64a97ad7becd5c984e93c4be877\INSTALL_force.rule">
      <Filter>CMake Rules</Filter>
    </CustomBuild>
  </ItemGroup>
  <ItemGroup>
    <Filter Include="CMake Rules">
      <UniqueIdentifier>{A8F13413-F8C2-313F-BD9A-2BBEAA77569F}</UniqueIdentifier>
    </Filter>
  </ItemGroup>
</Project>
