
Microsoft Visual Studio Solution File, Format Version 12.00
# Visual Studio Version 17
Project("{8BC9CEB8-8B4A-11D0-8D11-00A0C91BC942}") = "ALL_BUILD", "ALL_BUILD.vcxproj", "{A0C863B3-6AC8-3614-A8AA-31FCB254EB35}"
	ProjectSection(ProjectDependencies) = postProject
		{8952354A-04F7-3938-8B84-A71F1BD7A03B} = {8952354A-04F7-3938-8B84-A71F1BD7A03B}
		{8F33F9BB-A0D6-30F6-B1BE-5B6DDDC5C24B} = {8F33F9BB-A0D6-30F6-B1BE-5B6DDDC5C24B}
		{9CB6469D-CA6E-3205-AEB1-B84B0E89DBB3} = {9CB6469D-CA6E-3205-AEB1-B84B0E89DBB3}
		{CED4C3AA-4449-394F-90DD-7C928392CC6E} = {CED4C3AA-4449-394F-90DD-7C928392CC6E}
		{DE004D95-F464-3C43-92C3-5C5A1ABA883B} = {DE004D95-F464-3C43-92C3-5C5A1ABA883B}
		{874F0E86-66EC-3FEB-ABE7-C28D1C0DCDE8} = {874F0E86-66EC-3FEB-ABE7-C28D1C0DCDE8}
		{6AEBEFB5-82EA-367A-8329-F6A4C88331F0} = {6AEBEFB5-82EA-367A-8329-F6A4C88331F0}
		{18B464E9-D924-39F4-A2DA-68CBBDBF75E7} = {18B464E9-D924-39F4-A2DA-68CBBDBF75E7}
		{2E64AB34-F819-3F64-A2E7-DF4568490826} = {2E64AB34-F819-3F64-A2E7-DF4568490826}
		{68C9F9AD-D0C1-3155-AD43-CADD593B08C2} = {68C9F9AD-D0C1-3155-AD43-CADD593B08C2}
		{D28FA9A1-B911-307C-A207-81F1AD66F1E4} = {D28FA9A1-B911-307C-A207-81F1AD66F1E4}
		{001B02B2-607C-301C-9478-C50F5B64CF1F} = {001B02B2-607C-301C-9478-C50F5B64CF1F}
		{46AD2653-EC65-3F95-AB9B-63102DEE7DAD} = {46AD2653-EC65-3F95-AB9B-63102DEE7DAD}
		{8DCF873E-4188-3E3F-A431-D1DD64FE9575} = {8DCF873E-4188-3E3F-A431-D1DD64FE9575}
		{97687C3F-16AC-3D39-A987-FAF491224CEF} = {97687C3F-16AC-3D39-A987-FAF491224CEF}
	EndProjectSection
EndProject
Project("{8BC9CEB8-8B4A-11D0-8D11-00A0C91BC942}") = "INSTALL", "INSTALL.vcxproj", "{F2043E53-FD98-329E-9CA2-901B938904AC}"
	ProjectSection(ProjectDependencies) = postProject
		{A0C863B3-6AC8-3614-A8AA-31FCB254EB35} = {A0C863B3-6AC8-3614-A8AA-31FCB254EB35}
		{8952354A-04F7-3938-8B84-A71F1BD7A03B} = {8952354A-04F7-3938-8B84-A71F1BD7A03B}
	EndProjectSection
EndProject
Project("{8BC9CEB8-8B4A-11D0-8D11-00A0C91BC942}") = "PACKAGE", "PACKAGE.vcxproj", "{7621E3FC-4D33-3C41-B527-AE23D5ABB8CE}"
	ProjectSection(ProjectDependencies) = postProject
		{A0C863B3-6AC8-3614-A8AA-31FCB254EB35} = {A0C863B3-6AC8-3614-A8AA-31FCB254EB35}
		{8952354A-04F7-3938-8B84-A71F1BD7A03B} = {8952354A-04F7-3938-8B84-A71F1BD7A03B}
	EndProjectSection
EndProject
Project("{8BC9CEB8-8B4A-11D0-8D11-00A0C91BC942}") = "RUN_TESTS", "RUN_TESTS.vcxproj", "{A99D470C-5F99-3057-AD2C-DA27F5524B44}"
	ProjectSection(ProjectDependencies) = postProject
		{8952354A-04F7-3938-8B84-A71F1BD7A03B} = {8952354A-04F7-3938-8B84-A71F1BD7A03B}
	EndProjectSection
EndProject
Project("{8BC9CEB8-8B4A-11D0-8D11-00A0C91BC942}") = "ZERO_CHECK", "ZERO_CHECK.vcxproj", "{8952354A-04F7-3938-8B84-A71F1BD7A03B}"
	ProjectSection(ProjectDependencies) = postProject
	EndProjectSection
EndProject
Project("{8BC9CEB8-8B4A-11D0-8D11-00A0C91BC942}") = "cs101_master_balanced", "examples\cs101_master_balanced\cs101_master_balanced.vcxproj", "{8F33F9BB-A0D6-30F6-B1BE-5B6DDDC5C24B}"
	ProjectSection(ProjectDependencies) = postProject
		{8952354A-04F7-3938-8B84-A71F1BD7A03B} = {8952354A-04F7-3938-8B84-A71F1BD7A03B}
		{D28FA9A1-B911-307C-A207-81F1AD66F1E4} = {D28FA9A1-B911-307C-A207-81F1AD66F1E4}
	EndProjectSection
EndProject
Project("{8BC9CEB8-8B4A-11D0-8D11-00A0C91BC942}") = "cs101_master_unbalanced", "examples\cs101_master_unbalanced\cs101_master_unbalanced.vcxproj", "{9CB6469D-CA6E-3205-AEB1-B84B0E89DBB3}"
	ProjectSection(ProjectDependencies) = postProject
		{8952354A-04F7-3938-8B84-A71F1BD7A03B} = {8952354A-04F7-3938-8B84-A71F1BD7A03B}
		{D28FA9A1-B911-307C-A207-81F1AD66F1E4} = {D28FA9A1-B911-307C-A207-81F1AD66F1E4}
	EndProjectSection
EndProject
Project("{8BC9CEB8-8B4A-11D0-8D11-00A0C91BC942}") = "cs101_slave", "examples\cs101_slave\cs101_slave.vcxproj", "{CED4C3AA-4449-394F-90DD-7C928392CC6E}"
	ProjectSection(ProjectDependencies) = postProject
		{8952354A-04F7-3938-8B84-A71F1BD7A03B} = {8952354A-04F7-3938-8B84-A71F1BD7A03B}
		{D28FA9A1-B911-307C-A207-81F1AD66F1E4} = {D28FA9A1-B911-307C-A207-81F1AD66F1E4}
	EndProjectSection
EndProject
Project("{8BC9CEB8-8B4A-11D0-8D11-00A0C91BC942}") = "cs101_slave_files", "examples\cs101_slave_files\cs101_slave_files.vcxproj", "{DE004D95-F464-3C43-92C3-5C5A1ABA883B}"
	ProjectSection(ProjectDependencies) = postProject
		{8952354A-04F7-3938-8B84-A71F1BD7A03B} = {8952354A-04F7-3938-8B84-A71F1BD7A03B}
		{D28FA9A1-B911-307C-A207-81F1AD66F1E4} = {D28FA9A1-B911-307C-A207-81F1AD66F1E4}
	EndProjectSection
EndProject
Project("{8BC9CEB8-8B4A-11D0-8D11-00A0C91BC942}") = "cs104_client_async", "examples\cs104_client_async\cs104_client_async.vcxproj", "{874F0E86-66EC-3FEB-ABE7-C28D1C0DCDE8}"
	ProjectSection(ProjectDependencies) = postProject
		{8952354A-04F7-3938-8B84-A71F1BD7A03B} = {8952354A-04F7-3938-8B84-A71F1BD7A03B}
		{D28FA9A1-B911-307C-A207-81F1AD66F1E4} = {D28FA9A1-B911-307C-A207-81F1AD66F1E4}
	EndProjectSection
EndProject
Project("{8BC9CEB8-8B4A-11D0-8D11-00A0C91BC942}") = "cs104_redundancy_server", "examples\cs104_redundancy_server\cs104_redundancy_server.vcxproj", "{6AEBEFB5-82EA-367A-8329-F6A4C88331F0}"
	ProjectSection(ProjectDependencies) = postProject
		{8952354A-04F7-3938-8B84-A71F1BD7A03B} = {8952354A-04F7-3938-8B84-A71F1BD7A03B}
		{D28FA9A1-B911-307C-A207-81F1AD66F1E4} = {D28FA9A1-B911-307C-A207-81F1AD66F1E4}
	EndProjectSection
EndProject
Project("{8BC9CEB8-8B4A-11D0-8D11-00A0C91BC942}") = "cs104_server", "examples\cs104_server\cs104_server.vcxproj", "{18B464E9-D924-39F4-A2DA-68CBBDBF75E7}"
	ProjectSection(ProjectDependencies) = postProject
		{8952354A-04F7-3938-8B84-A71F1BD7A03B} = {8952354A-04F7-3938-8B84-A71F1BD7A03B}
		{D28FA9A1-B911-307C-A207-81F1AD66F1E4} = {D28FA9A1-B911-307C-A207-81F1AD66F1E4}
	EndProjectSection
EndProject
Project("{8BC9CEB8-8B4A-11D0-8D11-00A0C91BC942}") = "cs104_server_files", "examples\cs104_server_files\cs104_server_files.vcxproj", "{2E64AB34-F819-3F64-A2E7-DF4568490826}"
	ProjectSection(ProjectDependencies) = postProject
		{8952354A-04F7-3938-8B84-A71F1BD7A03B} = {8952354A-04F7-3938-8B84-A71F1BD7A03B}
		{D28FA9A1-B911-307C-A207-81F1AD66F1E4} = {D28FA9A1-B911-307C-A207-81F1AD66F1E4}
	EndProjectSection
EndProject
Project("{8BC9CEB8-8B4A-11D0-8D11-00A0C91BC942}") = "cs104_server_no_threads", "examples\cs104_server_no_threads\cs104_server_no_threads.vcxproj", "{68C9F9AD-D0C1-3155-AD43-CADD593B08C2}"
	ProjectSection(ProjectDependencies) = postProject
		{8952354A-04F7-3938-8B84-A71F1BD7A03B} = {8952354A-04F7-3938-8B84-A71F1BD7A03B}
		{D28FA9A1-B911-307C-A207-81F1AD66F1E4} = {D28FA9A1-B911-307C-A207-81F1AD66F1E4}
	EndProjectSection
EndProject
Project("{8BC9CEB8-8B4A-11D0-8D11-00A0C91BC942}") = "lib60870", "src\lib60870.vcxproj", "{D28FA9A1-B911-307C-A207-81F1AD66F1E4}"
	ProjectSection(ProjectDependencies) = postProject
		{8952354A-04F7-3938-8B84-A71F1BD7A03B} = {8952354A-04F7-3938-8B84-A71F1BD7A03B}
	EndProjectSection
EndProject
Project("{8BC9CEB8-8B4A-11D0-8D11-00A0C91BC942}") = "lib60870-shared", "src\lib60870-shared.vcxproj", "{001B02B2-607C-301C-9478-C50F5B64CF1F}"
	ProjectSection(ProjectDependencies) = postProject
		{8952354A-04F7-3938-8B84-A71F1BD7A03B} = {8952354A-04F7-3938-8B84-A71F1BD7A03B}
	EndProjectSection
EndProject
Project("{8BC9CEB8-8B4A-11D0-8D11-00A0C91BC942}") = "multi_client_server", "examples\multi_client_server\multi_client_server.vcxproj", "{46AD2653-EC65-3F95-AB9B-63102DEE7DAD}"
	ProjectSection(ProjectDependencies) = postProject
		{8952354A-04F7-3938-8B84-A71F1BD7A03B} = {8952354A-04F7-3938-8B84-A71F1BD7A03B}
		{D28FA9A1-B911-307C-A207-81F1AD66F1E4} = {D28FA9A1-B911-307C-A207-81F1AD66F1E4}
	EndProjectSection
EndProject
Project("{8BC9CEB8-8B4A-11D0-8D11-00A0C91BC942}") = "simple_client", "examples\cs104_client\simple_client.vcxproj", "{8DCF873E-4188-3E3F-A431-D1DD64FE9575}"
	ProjectSection(ProjectDependencies) = postProject
		{8952354A-04F7-3938-8B84-A71F1BD7A03B} = {8952354A-04F7-3938-8B84-A71F1BD7A03B}
		{D28FA9A1-B911-307C-A207-81F1AD66F1E4} = {D28FA9A1-B911-307C-A207-81F1AD66F1E4}
	EndProjectSection
EndProject
Project("{8BC9CEB8-8B4A-11D0-8D11-00A0C91BC942}") = "tests", "tests\tests.vcxproj", "{97687C3F-16AC-3D39-A987-FAF491224CEF}"
	ProjectSection(ProjectDependencies) = postProject
		{8952354A-04F7-3938-8B84-A71F1BD7A03B} = {8952354A-04F7-3938-8B84-A71F1BD7A03B}
		{D28FA9A1-B911-307C-A207-81F1AD66F1E4} = {D28FA9A1-B911-307C-A207-81F1AD66F1E4}
	EndProjectSection
EndProject
Global
	GlobalSection(SolutionConfigurationPlatforms) = preSolution
		Debug|x64 = Debug|x64
		Release|x64 = Release|x64
		MinSizeRel|x64 = MinSizeRel|x64
		RelWithDebInfo|x64 = RelWithDebInfo|x64
	EndGlobalSection
	GlobalSection(ProjectConfigurationPlatforms) = postSolution
		{A0C863B3-6AC8-3614-A8AA-31FCB254EB35}.Debug|x64.ActiveCfg = Debug|x64
		{A0C863B3-6AC8-3614-A8AA-31FCB254EB35}.Debug|x64.Build.0 = Debug|x64
		{A0C863B3-6AC8-3614-A8AA-31FCB254EB35}.Release|x64.ActiveCfg = Release|x64
		{A0C863B3-6AC8-3614-A8AA-31FCB254EB35}.Release|x64.Build.0 = Release|x64
		{A0C863B3-6AC8-3614-A8AA-31FCB254EB35}.MinSizeRel|x64.ActiveCfg = MinSizeRel|x64
		{A0C863B3-6AC8-3614-A8AA-31FCB254EB35}.MinSizeRel|x64.Build.0 = MinSizeRel|x64
		{A0C863B3-6AC8-3614-A8AA-31FCB254EB35}.RelWithDebInfo|x64.ActiveCfg = RelWithDebInfo|x64
		{A0C863B3-6AC8-3614-A8AA-31FCB254EB35}.RelWithDebInfo|x64.Build.0 = RelWithDebInfo|x64
		{F2043E53-FD98-329E-9CA2-901B938904AC}.Debug|x64.ActiveCfg = Debug|x64
		{F2043E53-FD98-329E-9CA2-901B938904AC}.Release|x64.ActiveCfg = Release|x64
		{F2043E53-FD98-329E-9CA2-901B938904AC}.MinSizeRel|x64.ActiveCfg = MinSizeRel|x64
		{F2043E53-FD98-329E-9CA2-901B938904AC}.RelWithDebInfo|x64.ActiveCfg = RelWithDebInfo|x64
		{7621E3FC-4D33-3C41-B527-AE23D5ABB8CE}.Debug|x64.ActiveCfg = Debug|x64
		{7621E3FC-4D33-3C41-B527-AE23D5ABB8CE}.Release|x64.ActiveCfg = Release|x64
		{7621E3FC-4D33-3C41-B527-AE23D5ABB8CE}.MinSizeRel|x64.ActiveCfg = MinSizeRel|x64
		{7621E3FC-4D33-3C41-B527-AE23D5ABB8CE}.RelWithDebInfo|x64.ActiveCfg = RelWithDebInfo|x64
		{A99D470C-5F99-3057-AD2C-DA27F5524B44}.Debug|x64.ActiveCfg = Debug|x64
		{A99D470C-5F99-3057-AD2C-DA27F5524B44}.Release|x64.ActiveCfg = Release|x64
		{A99D470C-5F99-3057-AD2C-DA27F5524B44}.MinSizeRel|x64.ActiveCfg = MinSizeRel|x64
		{A99D470C-5F99-3057-AD2C-DA27F5524B44}.RelWithDebInfo|x64.ActiveCfg = RelWithDebInfo|x64
		{8952354A-04F7-3938-8B84-A71F1BD7A03B}.Debug|x64.ActiveCfg = Debug|x64
		{8952354A-04F7-3938-8B84-A71F1BD7A03B}.Debug|x64.Build.0 = Debug|x64
		{8952354A-04F7-3938-8B84-A71F1BD7A03B}.Release|x64.ActiveCfg = Release|x64
		{8952354A-04F7-3938-8B84-A71F1BD7A03B}.Release|x64.Build.0 = Release|x64
		{8952354A-04F7-3938-8B84-A71F1BD7A03B}.MinSizeRel|x64.ActiveCfg = MinSizeRel|x64
		{8952354A-04F7-3938-8B84-A71F1BD7A03B}.MinSizeRel|x64.Build.0 = MinSizeRel|x64
		{8952354A-04F7-3938-8B84-A71F1BD7A03B}.RelWithDebInfo|x64.ActiveCfg = RelWithDebInfo|x64
		{8952354A-04F7-3938-8B84-A71F1BD7A03B}.RelWithDebInfo|x64.Build.0 = RelWithDebInfo|x64
		{8F33F9BB-A0D6-30F6-B1BE-5B6DDDC5C24B}.Debug|x64.ActiveCfg = Debug|x64
		{8F33F9BB-A0D6-30F6-B1BE-5B6DDDC5C24B}.Debug|x64.Build.0 = Debug|x64
		{8F33F9BB-A0D6-30F6-B1BE-5B6DDDC5C24B}.Release|x64.ActiveCfg = Release|x64
		{8F33F9BB-A0D6-30F6-B1BE-5B6DDDC5C24B}.Release|x64.Build.0 = Release|x64
		{8F33F9BB-A0D6-30F6-B1BE-5B6DDDC5C24B}.MinSizeRel|x64.ActiveCfg = MinSizeRel|x64
		{8F33F9BB-A0D6-30F6-B1BE-5B6DDDC5C24B}.MinSizeRel|x64.Build.0 = MinSizeRel|x64
		{8F33F9BB-A0D6-30F6-B1BE-5B6DDDC5C24B}.RelWithDebInfo|x64.ActiveCfg = RelWithDebInfo|x64
		{8F33F9BB-A0D6-30F6-B1BE-5B6DDDC5C24B}.RelWithDebInfo|x64.Build.0 = RelWithDebInfo|x64
		{9CB6469D-CA6E-3205-AEB1-B84B0E89DBB3}.Debug|x64.ActiveCfg = Debug|x64
		{9CB6469D-CA6E-3205-AEB1-B84B0E89DBB3}.Debug|x64.Build.0 = Debug|x64
		{9CB6469D-CA6E-3205-AEB1-B84B0E89DBB3}.Release|x64.ActiveCfg = Release|x64
		{9CB6469D-CA6E-3205-AEB1-B84B0E89DBB3}.Release|x64.Build.0 = Release|x64
		{9CB6469D-CA6E-3205-AEB1-B84B0E89DBB3}.MinSizeRel|x64.ActiveCfg = MinSizeRel|x64
		{9CB6469D-CA6E-3205-AEB1-B84B0E89DBB3}.MinSizeRel|x64.Build.0 = MinSizeRel|x64
		{9CB6469D-CA6E-3205-AEB1-B84B0E89DBB3}.RelWithDebInfo|x64.ActiveCfg = RelWithDebInfo|x64
		{9CB6469D-CA6E-3205-AEB1-B84B0E89DBB3}.RelWithDebInfo|x64.Build.0 = RelWithDebInfo|x64
		{CED4C3AA-4449-394F-90DD-7C928392CC6E}.Debug|x64.ActiveCfg = Debug|x64
		{CED4C3AA-4449-394F-90DD-7C928392CC6E}.Debug|x64.Build.0 = Debug|x64
		{CED4C3AA-4449-394F-90DD-7C928392CC6E}.Release|x64.ActiveCfg = Release|x64
		{CED4C3AA-4449-394F-90DD-7C928392CC6E}.Release|x64.Build.0 = Release|x64
		{CED4C3AA-4449-394F-90DD-7C928392CC6E}.MinSizeRel|x64.ActiveCfg = MinSizeRel|x64
		{CED4C3AA-4449-394F-90DD-7C928392CC6E}.MinSizeRel|x64.Build.0 = MinSizeRel|x64
		{CED4C3AA-4449-394F-90DD-7C928392CC6E}.RelWithDebInfo|x64.ActiveCfg = RelWithDebInfo|x64
		{CED4C3AA-4449-394F-90DD-7C928392CC6E}.RelWithDebInfo|x64.Build.0 = RelWithDebInfo|x64
		{DE004D95-F464-3C43-92C3-5C5A1ABA883B}.Debug|x64.ActiveCfg = Debug|x64
		{DE004D95-F464-3C43-92C3-5C5A1ABA883B}.Debug|x64.Build.0 = Debug|x64
		{DE004D95-F464-3C43-92C3-5C5A1ABA883B}.Release|x64.ActiveCfg = Release|x64
		{DE004D95-F464-3C43-92C3-5C5A1ABA883B}.Release|x64.Build.0 = Release|x64
		{DE004D95-F464-3C43-92C3-5C5A1ABA883B}.MinSizeRel|x64.ActiveCfg = MinSizeRel|x64
		{DE004D95-F464-3C43-92C3-5C5A1ABA883B}.MinSizeRel|x64.Build.0 = MinSizeRel|x64
		{DE004D95-F464-3C43-92C3-5C5A1ABA883B}.RelWithDebInfo|x64.ActiveCfg = RelWithDebInfo|x64
		{DE004D95-F464-3C43-92C3-5C5A1ABA883B}.RelWithDebInfo|x64.Build.0 = RelWithDebInfo|x64
		{874F0E86-66EC-3FEB-ABE7-C28D1C0DCDE8}.Debug|x64.ActiveCfg = Debug|x64
		{874F0E86-66EC-3FEB-ABE7-C28D1C0DCDE8}.Debug|x64.Build.0 = Debug|x64
		{874F0E86-66EC-3FEB-ABE7-C28D1C0DCDE8}.Release|x64.ActiveCfg = Release|x64
		{874F0E86-66EC-3FEB-ABE7-C28D1C0DCDE8}.Release|x64.Build.0 = Release|x64
		{874F0E86-66EC-3FEB-ABE7-C28D1C0DCDE8}.MinSizeRel|x64.ActiveCfg = MinSizeRel|x64
		{874F0E86-66EC-3FEB-ABE7-C28D1C0DCDE8}.MinSizeRel|x64.Build.0 = MinSizeRel|x64
		{874F0E86-66EC-3FEB-ABE7-C28D1C0DCDE8}.RelWithDebInfo|x64.ActiveCfg = RelWithDebInfo|x64
		{874F0E86-66EC-3FEB-ABE7-C28D1C0DCDE8}.RelWithDebInfo|x64.Build.0 = RelWithDebInfo|x64
		{6AEBEFB5-82EA-367A-8329-F6A4C88331F0}.Debug|x64.ActiveCfg = Debug|x64
		{6AEBEFB5-82EA-367A-8329-F6A4C88331F0}.Debug|x64.Build.0 = Debug|x64
		{6AEBEFB5-82EA-367A-8329-F6A4C88331F0}.Release|x64.ActiveCfg = Release|x64
		{6AEBEFB5-82EA-367A-8329-F6A4C88331F0}.Release|x64.Build.0 = Release|x64
		{6AEBEFB5-82EA-367A-8329-F6A4C88331F0}.MinSizeRel|x64.ActiveCfg = MinSizeRel|x64
		{6AEBEFB5-82EA-367A-8329-F6A4C88331F0}.MinSizeRel|x64.Build.0 = MinSizeRel|x64
		{6AEBEFB5-82EA-367A-8329-F6A4C88331F0}.RelWithDebInfo|x64.ActiveCfg = RelWithDebInfo|x64
		{6AEBEFB5-82EA-367A-8329-F6A4C88331F0}.RelWithDebInfo|x64.Build.0 = RelWithDebInfo|x64
		{18B464E9-D924-39F4-A2DA-68CBBDBF75E7}.Debug|x64.ActiveCfg = Debug|x64
		{18B464E9-D924-39F4-A2DA-68CBBDBF75E7}.Debug|x64.Build.0 = Debug|x64
		{18B464E9-D924-39F4-A2DA-68CBBDBF75E7}.Release|x64.ActiveCfg = Release|x64
		{18B464E9-D924-39F4-A2DA-68CBBDBF75E7}.Release|x64.Build.0 = Release|x64
		{18B464E9-D924-39F4-A2DA-68CBBDBF75E7}.MinSizeRel|x64.ActiveCfg = MinSizeRel|x64
		{18B464E9-D924-39F4-A2DA-68CBBDBF75E7}.MinSizeRel|x64.Build.0 = MinSizeRel|x64
		{18B464E9-D924-39F4-A2DA-68CBBDBF75E7}.RelWithDebInfo|x64.ActiveCfg = RelWithDebInfo|x64
		{18B464E9-D924-39F4-A2DA-68CBBDBF75E7}.RelWithDebInfo|x64.Build.0 = RelWithDebInfo|x64
		{2E64AB34-F819-3F64-A2E7-DF4568490826}.Debug|x64.ActiveCfg = Debug|x64
		{2E64AB34-F819-3F64-A2E7-DF4568490826}.Debug|x64.Build.0 = Debug|x64
		{2E64AB34-F819-3F64-A2E7-DF4568490826}.Release|x64.ActiveCfg = Release|x64
		{2E64AB34-F819-3F64-A2E7-DF4568490826}.Release|x64.Build.0 = Release|x64
		{2E64AB34-F819-3F64-A2E7-DF4568490826}.MinSizeRel|x64.ActiveCfg = MinSizeRel|x64
		{2E64AB34-F819-3F64-A2E7-DF4568490826}.MinSizeRel|x64.Build.0 = MinSizeRel|x64
		{2E64AB34-F819-3F64-A2E7-DF4568490826}.RelWithDebInfo|x64.ActiveCfg = RelWithDebInfo|x64
		{2E64AB34-F819-3F64-A2E7-DF4568490826}.RelWithDebInfo|x64.Build.0 = RelWithDebInfo|x64
		{68C9F9AD-D0C1-3155-AD43-CADD593B08C2}.Debug|x64.ActiveCfg = Debug|x64
		{68C9F9AD-D0C1-3155-AD43-CADD593B08C2}.Debug|x64.Build.0 = Debug|x64
		{68C9F9AD-D0C1-3155-AD43-CADD593B08C2}.Release|x64.ActiveCfg = Release|x64
		{68C9F9AD-D0C1-3155-AD43-CADD593B08C2}.Release|x64.Build.0 = Release|x64
		{68C9F9AD-D0C1-3155-AD43-CADD593B08C2}.MinSizeRel|x64.ActiveCfg = MinSizeRel|x64
		{68C9F9AD-D0C1-3155-AD43-CADD593B08C2}.MinSizeRel|x64.Build.0 = MinSizeRel|x64
		{68C9F9AD-D0C1-3155-AD43-CADD593B08C2}.RelWithDebInfo|x64.ActiveCfg = RelWithDebInfo|x64
		{68C9F9AD-D0C1-3155-AD43-CADD593B08C2}.RelWithDebInfo|x64.Build.0 = RelWithDebInfo|x64
		{D28FA9A1-B911-307C-A207-81F1AD66F1E4}.Debug|x64.ActiveCfg = Debug|x64
		{D28FA9A1-B911-307C-A207-81F1AD66F1E4}.Debug|x64.Build.0 = Debug|x64
		{D28FA9A1-B911-307C-A207-81F1AD66F1E4}.Release|x64.ActiveCfg = Release|x64
		{D28FA9A1-B911-307C-A207-81F1AD66F1E4}.Release|x64.Build.0 = Release|x64
		{D28FA9A1-B911-307C-A207-81F1AD66F1E4}.MinSizeRel|x64.ActiveCfg = MinSizeRel|x64
		{D28FA9A1-B911-307C-A207-81F1AD66F1E4}.MinSizeRel|x64.Build.0 = MinSizeRel|x64
		{D28FA9A1-B911-307C-A207-81F1AD66F1E4}.RelWithDebInfo|x64.ActiveCfg = RelWithDebInfo|x64
		{D28FA9A1-B911-307C-A207-81F1AD66F1E4}.RelWithDebInfo|x64.Build.0 = RelWithDebInfo|x64
		{001B02B2-607C-301C-9478-C50F5B64CF1F}.Debug|x64.ActiveCfg = Debug|x64
		{001B02B2-607C-301C-9478-C50F5B64CF1F}.Debug|x64.Build.0 = Debug|x64
		{001B02B2-607C-301C-9478-C50F5B64CF1F}.Release|x64.ActiveCfg = Release|x64
		{001B02B2-607C-301C-9478-C50F5B64CF1F}.Release|x64.Build.0 = Release|x64
		{001B02B2-607C-301C-9478-C50F5B64CF1F}.MinSizeRel|x64.ActiveCfg = MinSizeRel|x64
		{001B02B2-607C-301C-9478-C50F5B64CF1F}.MinSizeRel|x64.Build.0 = MinSizeRel|x64
		{001B02B2-607C-301C-9478-C50F5B64CF1F}.RelWithDebInfo|x64.ActiveCfg = RelWithDebInfo|x64
		{001B02B2-607C-301C-9478-C50F5B64CF1F}.RelWithDebInfo|x64.Build.0 = RelWithDebInfo|x64
		{46AD2653-EC65-3F95-AB9B-63102DEE7DAD}.Debug|x64.ActiveCfg = Debug|x64
		{46AD2653-EC65-3F95-AB9B-63102DEE7DAD}.Debug|x64.Build.0 = Debug|x64
		{46AD2653-EC65-3F95-AB9B-63102DEE7DAD}.Release|x64.ActiveCfg = Release|x64
		{46AD2653-EC65-3F95-AB9B-63102DEE7DAD}.Release|x64.Build.0 = Release|x64
		{46AD2653-EC65-3F95-AB9B-63102DEE7DAD}.MinSizeRel|x64.ActiveCfg = MinSizeRel|x64
		{46AD2653-EC65-3F95-AB9B-63102DEE7DAD}.MinSizeRel|x64.Build.0 = MinSizeRel|x64
		{46AD2653-EC65-3F95-AB9B-63102DEE7DAD}.RelWithDebInfo|x64.ActiveCfg = RelWithDebInfo|x64
		{46AD2653-EC65-3F95-AB9B-63102DEE7DAD}.RelWithDebInfo|x64.Build.0 = RelWithDebInfo|x64
		{8DCF873E-4188-3E3F-A431-D1DD64FE9575}.Debug|x64.ActiveCfg = Debug|x64
		{8DCF873E-4188-3E3F-A431-D1DD64FE9575}.Debug|x64.Build.0 = Debug|x64
		{8DCF873E-4188-3E3F-A431-D1DD64FE9575}.Release|x64.ActiveCfg = Release|x64
		{8DCF873E-4188-3E3F-A431-D1DD64FE9575}.Release|x64.Build.0 = Release|x64
		{8DCF873E-4188-3E3F-A431-D1DD64FE9575}.MinSizeRel|x64.ActiveCfg = MinSizeRel|x64
		{8DCF873E-4188-3E3F-A431-D1DD64FE9575}.MinSizeRel|x64.Build.0 = MinSizeRel|x64
		{8DCF873E-4188-3E3F-A431-D1DD64FE9575}.RelWithDebInfo|x64.ActiveCfg = RelWithDebInfo|x64
		{8DCF873E-4188-3E3F-A431-D1DD64FE9575}.RelWithDebInfo|x64.Build.0 = RelWithDebInfo|x64
		{97687C3F-16AC-3D39-A987-FAF491224CEF}.Debug|x64.ActiveCfg = Debug|x64
		{97687C3F-16AC-3D39-A987-FAF491224CEF}.Debug|x64.Build.0 = Debug|x64
		{97687C3F-16AC-3D39-A987-FAF491224CEF}.Release|x64.ActiveCfg = Release|x64
		{97687C3F-16AC-3D39-A987-FAF491224CEF}.Release|x64.Build.0 = Release|x64
		{97687C3F-16AC-3D39-A987-FAF491224CEF}.MinSizeRel|x64.ActiveCfg = MinSizeRel|x64
		{97687C3F-16AC-3D39-A987-FAF491224CEF}.MinSizeRel|x64.Build.0 = MinSizeRel|x64
		{97687C3F-16AC-3D39-A987-FAF491224CEF}.RelWithDebInfo|x64.ActiveCfg = RelWithDebInfo|x64
		{97687C3F-16AC-3D39-A987-FAF491224CEF}.RelWithDebInfo|x64.Build.0 = RelWithDebInfo|x64
	EndGlobalSection
	GlobalSection(ExtensibilityGlobals) = postSolution
		SolutionGuid = {E90E12D7-18DF-3C0A-B069-0F457110FA91}
	EndGlobalSection
	GlobalSection(ExtensibilityAddIns) = postSolution
	EndGlobalSection
EndGlobal
